
Microsoft Visual Studio Solution File, Format Version 12.00
# Visual Studio Version 17
VisualStudioVersion = 17.3.32929.385
MinimumVisualStudioVersion = 10.0.40219.1
Project("{FAE04EC0-301F-11D3-BF4B-00C04F79EFBC}") = "Model", "Model\Model.csproj", "{F2FC1D68-1019-4415-9A4E-A01EDA6899E6}"
EndProject
Project("{FAE04EC0-301F-11D3-BF4B-00C04F79EFBC}") = "ViewModel", "ViewModel\ViewModel.csproj", "{0EDCE145-13BE-4A93-9D8A-98DEA116BD6B}"
EndProject
Project("{FAE04EC0-301F-11D3-BF4B-00C04F79EFBC}") = "WCF", "WCF\WCF.csproj", "{832B12D2-5AB5-4F43-9532-E0729247A907}"
EndProject
Project("{FAE04EC0-301F-11D3-BF4B-00C04F79EFBC}") = "Host", "Host\Host.csproj", "{58A91E85-EDF8-489C-BCAA-C17D8A9075DD}"
EndProject
Global
	GlobalSection(SolutionConfigurationPlatforms) = preSolution
		Debug|Any CPU = Debug|Any CPU
		Release|Any CPU = Release|Any CPU
	EndGlobalSection
	GlobalSection(ProjectConfigurationPlatforms) = postSolution
		{F2FC1D68-1019-4415-9A4E-A01EDA6899E6}.Debug|Any CPU.ActiveCfg = Debug|Any CPU
		{F2FC1D68-1019-4415-9A4E-A01EDA6899E6}.Debug|Any CPU.Build.0 = Debug|Any CPU
		{F2FC1D68-1019-4415-9A4E-A01EDA6899E6}.Release|Any CPU.ActiveCfg = Release|Any CPU
		{F2FC1D68-1019-4415-9A4E-A01EDA6899E6}.Release|Any CPU.Build.0 = Release|Any CPU
		{0EDCE145-13BE-4A93-9D8A-98DEA116BD6B}.Debug|Any CPU.ActiveCfg = Debug|Any CPU
		{0EDCE145-13BE-4A93-9D8A-98DEA116BD6B}.Debug|Any CPU.Build.0 = Debug|Any CPU
		{0EDCE145-13BE-4A93-9D8A-98DEA116BD6B}.Release|Any CPU.ActiveCfg = Release|Any CPU
		{0EDCE145-13BE-4A93-9D8A-98DEA116BD6B}.Release|Any CPU.Build.0 = Release|Any CPU
		{832B12D2-5AB5-4F43-9532-E0729247A907}.Debug|Any CPU.ActiveCfg = Debug|Any CPU
		{832B12D2-5AB5-4F43-9532-E0729247A907}.Debug|Any CPU.Build.0 = Debug|Any CPU
		{832B12D2-5AB5-4F43-9532-E0729247A907}.Release|Any CPU.ActiveCfg = Release|Any CPU
		{832B12D2-5AB5-4F43-9532-E0729247A907}.Release|Any CPU.Build.0 = Release|Any CPU
		{58A91E85-EDF8-489C-BCAA-C17D8A9075DD}.Debug|Any CPU.ActiveCfg = Debug|Any CPU
		{58A91E85-EDF8-489C-BCAA-C17D8A9075DD}.Debug|Any CPU.Build.0 = Debug|Any CPU
		{58A91E85-EDF8-489C-BCAA-C17D8A9075DD}.Release|Any CPU.ActiveCfg = Release|Any CPU
		{58A91E85-EDF8-489C-BCAA-C17D8A9075DD}.Release|Any CPU.Build.0 = Release|Any CPU
	EndGlobalSection
	GlobalSection(SolutionProperties) = preSolution
		HideSolutionNode = FALSE
	EndGlobalSection
	GlobalSection(ExtensibilityGlobals) = postSolution
		SolutionGuid = {68E9F638-EFAB-4F5B-8EBB-4DF73F1E7C23}
	EndGlobalSection
EndGlobal
